
Microsoft Visual Studio Solution File, Format Version 12.00
# Visual Studio Version 16
VisualStudioVersion = 16.0.30021.99
MinimumVisualStudioVersion = 10.0.40219.1
Project("{9A19103F-16F7-4668-BE54-9A1E7A4F7556}") = "pruebacarga", "pruebacarga.csproj", "{91CA5534-59F3-4A19-8201-8F1A210A04FC}"
EndProject
Global
	GlobalSection(SolutionConfigurationPlatforms) = preSolution
		Debug|Any CPU = Debug|Any CPU
		Release|Any CPU = Release|Any CPU
	EndGlobalSection
	GlobalSection(ProjectConfigurationPlatforms) = postSolution
		{91CA5534-59F3-4A19-8201-8F1A210A04FC}.Debug|Any CPU.ActiveCfg = Debug|Any CPU
		{91CA5534-59F3-4A19-8201-8F1A210A04FC}.Debug|Any CPU.Build.0 = Debug|Any CPU
		{91CA5534-59F3-4A19-8201-8F1A210A04FC}.Release|Any CPU.ActiveCfg = Release|Any CPU
		{91CA5534-59F3-4A19-8201-8F1A210A04FC}.Release|Any CPU.Build.0 = Release|Any CPU
	EndGlobalSection
	GlobalSection(SolutionProperties) = preSolution
		HideSolutionNode = FALSE
	EndGlobalSection
	GlobalSection(ExtensibilityGlobals) = postSolution
		SolutionGuid = {27C385C8-C84F-41B1-AA00-B51004B25624}
	EndGlobalSection
EndGlobal
